
Microsoft Visual Studio Solution File, Format Version 12.00
# Visual Studio Version 17
VisualStudioVersion = 17.1.32407.343
MinimumVisualStudioVersion = 10.0.40219.1
Project("{8BC9CEB8-8B4A-11D0-8D11-00A0C91BC942}") = "K-MER", "K-MER\K-MER.vcxproj", "{2662F1F8-50FD-46A3-9A72-9F35C446C05B}"
EndProject
Global
	GlobalSection(SolutionConfigurationPlatforms) = preSolution
		Debug|x64 = Debug|x64
		Debug|x86 = Debug|x86
		Release|x64 = Release|x64
		Release|x86 = Release|x86
	EndGlobalSection
	GlobalSection(ProjectConfigurationPlatforms) = postSolution
		{2662F1F8-50FD-46A3-9A72-9F35C446C05B}.Debug|x64.ActiveCfg = Debug|x64
		{2662F1F8-50FD-46A3-9A72-9F35C446C05B}.Debug|x64.Build.0 = Debug|x64
		{2662F1F8-50FD-46A3-9A72-9F35C446C05B}.Debug|x86.ActiveCfg = Debug|Win32
		{2662F1F8-50FD-46A3-9A72-9F35C446C05B}.Debug|x86.Build.0 = Debug|Win32
		{2662F1F8-50FD-46A3-9A72-9F35C446C05B}.Release|x64.ActiveCfg = Release|x64
		{2662F1F8-50FD-46A3-9A72-9F35C446C05B}.Release|x64.Build.0 = Release|x64
		{2662F1F8-50FD-46A3-9A72-9F35C446C05B}.Release|x86.ActiveCfg = Release|Win32
		{2662F1F8-50FD-46A3-9A72-9F35C446C05B}.Release|x86.Build.0 = Release|Win32
	EndGlobalSection
	GlobalSection(SolutionProperties) = preSolution
		HideSolutionNode = FALSE
	EndGlobalSection
	GlobalSection(ExtensibilityGlobals) = postSolution
		SolutionGuid = {D3EA752D-2CD8-4156-8FB0-061D1AFBF624}
	EndGlobalSection
EndGlobal
